Microsoft Visual Studio Solution File, Format Version 12.00
# Visual Studio Version 17
VisualStudioVersion = 17.5.2.0
MinimumVisualStudioVersion = 10.0.40219.1
Project("{FAE04EC0-301F-11D3-BF4B-00C04F79EFBC}") = "conceitos", "conceitos\conceitos.csproj", "{21A863F9-4930-A6D2-F823-22671AA62EB2}"
EndProject
Global
	GlobalSection(SolutionConfigurationPlatforms) = preSolution
		Debug|Any CPU = Debug|Any CPU
		Release|Any CPU = Release|Any CPU
	EndGlobalSection
	GlobalSection(ProjectConfigurationPlatforms) = postSolution
		{21A863F9-4930-A6D2-F823-22671AA62EB2}.Debug|Any CPU.ActiveCfg = Debug|Any CPU
		{21A863F9-4930-A6D2-F823-22671AA62EB2}.Debug|Any CPU.Build.0 = Debug|Any CPU
		{21A863F9-4930-A6D2-F823-22671AA62EB2}.Release|Any CPU.ActiveCfg = Release|Any CPU
		{21A863F9-4930-A6D2-F823-22671AA62EB2}.Release|Any CPU.Build.0 = Release|Any CPU
	EndGlobalSection
	GlobalSection(SolutionProperties) = preSolution
		HideSolutionNode = FALSE
	EndGlobalSection
	GlobalSection(ExtensibilityGlobals) = postSolution
		SolutionGuid = {FEE9496E-F564-4816-8700-943B05F3878F}
	EndGlobalSection
EndGlobal
